{
  "originHash" : "253b56452b90e991b161d96eeecf35f9ceca5ba40f2918dee672212aaa26897e",
  "pins" : [
    {
      "identity" : "leeokit",
      "kind" : "remoteSourceControl",
      "location" : "https://github.com/M1zz/LeeoKit.git",
      "state" : {
        "revision" : "d3f62e141eb9cb915bb9484393e1c301ee544994",
        "version" : "3.12.1"
      }
    }
  ],
  "version" : 3
}
