// !$*UTF8*$!
{
	archiveVersion = 1;
	classes = {
	};
	objectVersion = 56;
	objects = {

/* Begin PBXBuildFile section */
		9121B2F39A27B4C17AF5583C /* PebbleSnapshot.swift in Sources */ = {isa = PBXBuildFile; fileRef = D72BF35EA7595CD8ACE31DEA /* PebbleSnapshot.swift */; };
		DAF13DE1F5C1718D03E1A3A9 /* PebbleTips.swift in Sources */ = {isa = PBXBuildFile; fileRef = AFC69F56A1D0236F1410A4C3 /* PebbleTips.swift */; };
		9C156C43E6C47FA0652034A7 /* SpeechStyle.swift in Sources */ = {isa = PBXBuildFile; fileRef = 50FB690568C52FDBE7A4B227 /* SpeechStyle.swift */; };
		215B69C2C647BB26F1EEEA31 /* Phrasing.swift in Sources */ = {isa = PBXBuildFile; fileRef = 753BFD81E3954E97EE45C6A4 /* Phrasing.swift */; };
		F9A98A3CD084B1D28F3E8157 /* EditRecordView.swift in Sources */ = {isa = PBXBuildFile; fileRef = E24EBD032E1D462A60C0EC5C /* EditRecordView.swift */; };
		02B879B28F710B2B44CCD68A /* AllRecordsView.swift in Sources */ = {isa = PBXBuildFile; fileRef = 12B7A8A52995BD59714800CA /* AllRecordsView.swift */; };
		4471FF57FE391671BCB980CC /* LookBackView.swift in Sources */ = {isa = PBXBuildFile; fileRef = 51174705416645E35FAB3931 /* LookBackView.swift */; };
		34CAD3E117A9BABD6308CE97 /* StoneBridgeView.swift in Sources */ = {isa = PBXBuildFile; fileRef = 65C7D628DD35E3A201903F78 /* StoneBridgeView.swift */; };
		B25A8A2E7BE4B77739BC4DE6 /* WeekStones.swift in Sources */ = {isa = PBXBuildFile; fileRef = A7F45927CE9303F8C2824F89 /* WeekStones.swift */; };
		C11178FDF83962B562B6ECCB /* GreetingView.swift in Sources */ = {isa = PBXBuildFile; fileRef = 9D7CF98A0F7679B8C28DEEFC /* GreetingView.swift */; };
		8A9CDD6B03CD60B458C42B02 /* HomeGreeting.swift in Sources */ = {isa = PBXBuildFile; fileRef = CD3E27FB44F5B7F23F520FD2 /* HomeGreeting.swift */; };
		7C5D1506D2DDA03B9CD102BA /* TypingFeedback.swift in Sources */ = {isa = PBXBuildFile; fileRef = 60CB6E6CB6A40303AFA6401B /* TypingFeedback.swift */; };
		06F0FF92FAC5834101C977C9 /* ChatBubble.swift in Sources */ = {isa = PBXBuildFile; fileRef = D41606D32B4E15054B74956C /* ChatBubble.swift */; };
		7991A9EA17E66E2AC5591980 /* RootView.swift in Sources */ = {isa = PBXBuildFile; fileRef = FA9637483D25A567BB2C364E /* RootView.swift */; };
		1320A56A87450A83C60BD3F3 /* AddGoalView.swift in Sources */ = {isa = PBXBuildFile; fileRef = 5EF711FB488680547B2D7443 /* AddGoalView.swift */; };
		8E5A6F4788FBCF515D6875D7 /* TodayView.swift in Sources */ = {isa = PBXBuildFile; fileRef = BFEF96E14F52D15708378F21 /* TodayView.swift */; };
		D44B07903E7A50E2C7F5B1DD /* SpeechCapture.swift in Sources */ = {isa = PBXBuildFile; fileRef = 0C323EBA60E30BE1C49124A3 /* SpeechCapture.swift */; };
		7AD4B3AD16DEE51B757ED1D7 /* Paraphraser.swift in Sources */ = {isa = PBXBuildFile; fileRef = E03344E1764A18AC8CCE0A91 /* Paraphraser.swift */; };
		CE8613311D8C21A1850CFB35 /* ConversationView.swift in Sources */ = {isa = PBXBuildFile; fileRef = C4793847AD7E6899F390C7B5 /* ConversationView.swift */; };
		7F7EA0D7EF545F8E5796648B /* ConversationEngine.swift in Sources */ = {isa = PBXBuildFile; fileRef = 979420319212C0F8FD12EB31 /* ConversationEngine.swift */; };
		09C90182AB3E3A381FE6C20D /* ConversationScript.swift in Sources */ = {isa = PBXBuildFile; fileRef = 70C3253570E9ACC5A2B2E548 /* ConversationScript.swift */; };
		C7A4812B83E1CF7E3F1F69CF /* ProgressObserver.swift in Sources */ = {isa = PBXBuildFile; fileRef = 277B21196696E9C4AA400EB7 /* ProgressObserver.swift */; };
		4A0B7EC081C07FD8AB6AD5FB /* PebbleVoice.swift in Sources */ = {isa = PBXBuildFile; fileRef = C1CE57171C6D211922D643B5 /* PebbleVoice.swift */; };
		22CBAB9970D0BC7DD0391EC7 /* PebbleView.swift in Sources */ = {isa = PBXBuildFile; fileRef = 51F995B506A6AF31E454ED76 /* PebbleView.swift */; };
		01F995C513311A6681E79643 /* PebbleMood.swift in Sources */ = {isa = PBXBuildFile; fileRef = 0F66578D4FD73232F8D9F4B1 /* PebbleMood.swift */; };
		19917646F34E9B4C8965EF04 /* PebbleTheme.swift in Sources */ = {isa = PBXBuildFile; fileRef = E30E82BDF4C608B7A0304FC0 /* PebbleTheme.swift */; };
		081494984EE84CA0951CC527 /* JournalTimelineView.swift in Sources */ = {isa = PBXBuildFile; fileRef = D3199CF6D8954C81AE25F64C /* JournalTimelineView.swift */; };
		2A6B93451E3B406F95D289DF /* StatisticsAnalyzer.swift in Sources */ = {isa = PBXBuildFile; fileRef = E5FC04D885E445EC93D1C15E /* StatisticsAnalyzer.swift */; };
		2C9C4D31562B4B6CA0F195DC /* TimelineView.swift in Sources */ = {isa = PBXBuildFile; fileRef = 2EA2F36562F24D3294AAC6F9 /* TimelineView.swift */; };
		429D1D50CB2D9041CDDED650 /* Rebound JournalSpec.swift in Sources */ = {isa = PBXBuildFile; fileRef = A8CEB7F55F0C4DBCA5F58161 /* Rebound JournalSpec.swift */; };
		48461282D10E40849788C078 /* SinglePageJournalCreator.swift in Sources */ = {isa = PBXBuildFile; fileRef = AF0A0D2E118E4EFFB064D5B5 /* SinglePageJournalCreator.swift */; };
		4FB147945C3C4B13AAE7B10F /* ActiveReboundSection.swift in Sources */ = {isa = PBXBuildFile; fileRef = 1215AF43CDBE4028B67E81D4 /* ActiveReboundSection.swift */; };
		586F228C2A33861C004C7410 /* ReboundJournalApp.swift in Sources */ = {isa = PBXBuildFile; fileRef = 586F228B2A33861C004C7410 /* ReboundJournalApp.swift */; };
		586F228E2A33861C004C7410 /* DashboardContentView.swift in Sources */ = {isa = PBXBuildFile; fileRef = 586F228D2A33861C004C7410 /* DashboardContentView.swift */; };
		586F22902A33861D004C7410 /* Assets.xcassets in Resources */ = {isa = PBXBuildFile; fileRef = 586F228F2A33861D004C7410 /* Assets.xcassets */; };
		586F22932A33861D004C7410 /* Preview Assets.xcassets in Resources */ = {isa = PBXBuildFile; fileRef = 586F22922A33861D004C7410 /* Preview Assets.xcassets */; };
		586F229B2A3387AF004C7410 /* DataManager.swift in Sources */ = {isa = PBXBuildFile; fileRef = 586F229A2A3387AF004C7410 /* DataManager.swift */; };
		586F22A02A338990004C7410 /* AppConfig.swift in Sources */ = {isa = PBXBuildFile; fileRef = 586F229F2A338990004C7410 /* AppConfig.swift */; };
		586F22AB2A339261004C7410 /* JournalEntryCreationStep.swift in Sources */ = {isa = PBXBuildFile; fileRef = 586F22AA2A339261004C7410 /* JournalEntryCreationStep.swift */; };
		589DCCB02D04B887003F86E5 /* AppDelegate.swift in Sources */ = {isa = PBXBuildFile; fileRef = 589DCCAF2D04B887003F86E5 /* AppDelegate.swift */; };
		58D6706D2BD01BBE00F581E2 /* String+Extension.swift in Sources */ = {isa = PBXBuildFile; fileRef = 58D6706C2BD01BBE00F581E2 /* String+Extension.swift */; };
		58D6706F2BD01BDE00F581E2 /* Date+Extension.swift in Sources */ = {isa = PBXBuildFile; fileRef = 58D6706E2BD01BDE00F581E2 /* Date+Extension.swift */; };
		58D670712BD01C0F00F581E2 /* Calendar+Extension.swift in Sources */ = {isa = PBXBuildFile; fileRef = 58D670702BD01C0F00F581E2 /* Calendar+Extension.swift */; };
		58D670732BD01EC100F581E2 /* View+Extension.swift in Sources */ = {isa = PBXBuildFile; fileRef = 58D670722BD01EC100F581E2 /* View+Extension.swift */; };
		58D670752BD01ED900F581E2 /* UIImage+Extension.swift in Sources */ = {isa = PBXBuildFile; fileRef = 58D670742BD01ED900F581E2 /* UIImage+Extension.swift */; };
		58D670772BD01F0400F581E2 /* Binding+Extension.swift in Sources */ = {isa = PBXBuildFile; fileRef = 58D670762BD01F0400F581E2 /* Binding+Extension.swift */; };
		58D670792BD01F2400F581E2 /* UIAlertAction+Extension.swift in Sources */ = {isa = PBXBuildFile; fileRef = 58D670782BD01F2400F581E2 /* UIAlertAction+Extension.swift */; };
		58D6707B2BD0275600F581E2 /* Constants.swift in Sources */ = {isa = PBXBuildFile; fileRef = 58D6707A2BD0275600F581E2 /* Constants.swift */; };
		58FAF68D2D01F0C8008BE152 /* SettingsView.swift in Sources */ = {isa = PBXBuildFile; fileRef = 58FAF68C2D01F0C8008BE152 /* SettingsView.swift */; };
		58FAF68F2D01F2C4008BE152 /* PasscodeView.swift in Sources */ = {isa = PBXBuildFile; fileRef = 58FAF68E2D01F2C4008BE152 /* PasscodeView.swift */; };
		76CCE816D1E2A31C5D918B96 /* LeeoKit in Frameworks */ = {isa = PBXBuildFile; productRef = 8F652E997127C9970155311C /* LeeoKit */; };
		8F8ACA842E1E946100624A89 /* Alert+Extension.swift in Sources */ = {isa = PBXBuildFile; fileRef = 8F8ACA832E1E946100624A89 /* Alert+Extension.swift */; };
		9C5A70EA2BD201D0004B6F30 /* Color+Extension.swift in Sources */ = {isa = PBXBuildFile; fileRef = 9C5A70E92BD201D0004B6F30 /* Color+Extension.swift */; };
		A8245C22CF9A4CF78573B457 /* SuccessFromReboundCelebration.swift in Sources */ = {isa = PBXBuildFile; fileRef = 2AEC7F09DD37474CA15D0439 /* SuccessFromReboundCelebration.swift */; };
		BA3F6A4F7C6E49978AEA0084 /* CollapsibleGoalSection.swift in Sources */ = {isa = PBXBuildFile; fileRef = F7C3B353F6B34696A8EA2B06 /* CollapsibleGoalSection.swift */; };
		C32530D42E63B886000A2E55 /* GoalInfo.swift in Sources */ = {isa = PBXBuildFile; fileRef = C32530D32E63B886000A2E55 /* GoalInfo.swift */; };
		C3423FD02DD8F385000F2E4D /* SubGoalData.swift in Sources */ = {isa = PBXBuildFile; fileRef = C3423FCF2DD8F385000F2E4D /* SubGoalData.swift */; };
		C345BA722E50DB4C00F93049 /* GoalList.swift in Sources */ = {isa = PBXBuildFile; fileRef = C345BA712E50DB4C00F93049 /* GoalList.swift */; };
		C345BA782E54523B00F93049 /* HomeView.swift in Sources */ = {isa = PBXBuildFile; fileRef = C345BA772E54523B00F93049 /* HomeView.swift */; };
		C345BA7A2E545A8900F93049 /* JournalList.swift in Sources */ = {isa = PBXBuildFile; fileRef = C345BA792E545A8900F93049 /* JournalList.swift */; };
		C37782F32DB4E3C600BE2CF2 /* JournalSummary.swift in Sources */ = {isa = PBXBuildFile; fileRef = C37782F22DB4E3C600BE2CF2 /* JournalSummary.swift */; };
		C37782F52DB4E65700BE2CF2 /* Array+Extension.swift in Sources */ = {isa = PBXBuildFile; fileRef = C37782F42DB4E65700BE2CF2 /* Array+Extension.swift */; };
		C37782F72DB4EE3000BE2CF2 /* JournalMetaData.swift in Sources */ = {isa = PBXBuildFile; fileRef = C37782F62DB4EE3000BE2CF2 /* JournalMetaData.swift */; };
		C37782F92DB4F3F800BE2CF2 /* JournalChart.swift in Sources */ = {isa = PBXBuildFile; fileRef = C37782F82DB4F3F800BE2CF2 /* JournalChart.swift */; };
		C377A9642DCFA63F000F227D /* JournalData.swift in Sources */ = {isa = PBXBuildFile; fileRef = C377A9632DCFA63F000F227D /* JournalData.swift */; };
		C377A9652DCFA64000F227D /* JournalAnalyzer.swift in Sources */ = {isa = PBXBuildFile; fileRef = C377A9662DCFA64000F227D /* JournalAnalyzer.swift */; };
		C37E18092E617A53000B4E5B /* HomeViewModel.swift in Sources */ = {isa = PBXBuildFile; fileRef = C37E18082E617A53000B4E5B /* HomeViewModel.swift */; };
		C3A07BBF2DBA4B640057D3C3 /* ChartDetailView.swift in Sources */ = {isa = PBXBuildFile; fileRef = C3A07BB72DBA4B640057D3C3 /* ChartDetailView.swift */; };
		C3A07BC52DBA4B640057D3C3 /* JournalCreatorViewModel.swift in Sources */ = {isa = PBXBuildFile; fileRef = C3A07BBA2DBA4B640057D3C3 /* JournalCreatorViewModel.swift */; };
		C3A07BC62DBA4B640057D3C3 /* ChartViewModel.swift in Sources */ = {isa = PBXBuildFile; fileRef = C3A07BB92DBA4B640057D3C3 /* ChartViewModel.swift */; };
		C3A07BC72DBA4B640057D3C3 /* ChartView.swift in Sources */ = {isa = PBXBuildFile; fileRef = C3A07BB82DBA4B640057D3C3 /* ChartView.swift */; };
		C3A07BD92DBBCEE20057D3C3 /* ModalHeaderBar.swift in Sources */ = {isa = PBXBuildFile; fileRef = C3A07BCF2DBBCEE20057D3C3 /* ModalHeaderBar.swift */; };
		C3A07BDA2DBBCEE20057D3C3 /* EmotionInputView.swift in Sources */ = {isa = PBXBuildFile; fileRef = C3A07BD42DBBCEE20057D3C3 /* EmotionInputView.swift */; };
		C3A07BDB2DBBCEE20057D3C3 /* EmotionTracker.swift in Sources */ = {isa = PBXBuildFile; fileRef = C3A07BCE2DBBCEE20057D3C3 /* EmotionTracker.swift */; };
		C3A07BDC2DBBCEE20057D3C3 /* SelectShootTypeView.swift in Sources */ = {isa = PBXBuildFile; fileRef = C3A07BD72DBBCEE20057D3C3 /* SelectShootTypeView.swift */; };
		C3A07BDD2DBBCEE20057D3C3 /* VerticalSlider.swift in Sources */ = {isa = PBXBuildFile; fileRef = C3A07BD22DBBCEE20057D3C3 /* VerticalSlider.swift */; };
		C3A07BDE2DBBCEE20057D3C3 /* ShootCreationHeader.swift in Sources */ = {isa = PBXBuildFile; fileRef = C3A07BD02DBBCEE20057D3C3 /* ShootCreationHeader.swift */; };
		C3A07BDF2DBBCEE20057D3C3 /* JounrnalCreator.swift in Sources */ = {isa = PBXBuildFile; fileRef = C3A07BD52DBBCEE20057D3C3 /* JounrnalCreator.swift */; };
		C3A07BE02DBBCEE20057D3C3 /* ReviewPlanView.swift in Sources */ = {isa = PBXBuildFile; fileRef = C3A07BD62DBBCEE20057D3C3 /* ReviewPlanView.swift */; };
		C3A07BE12DBBCEE20057D3C3 /* StepControlView.swift in Sources */ = {isa = PBXBuildFile; fileRef = C3A07BD12DBBCEE20057D3C3 /* StepControlView.swift */; };
		C3A07BE22DBBCEE20057D3C3 /* ChartDateSelector.swift in Sources */ = {isa = PBXBuildFile; fileRef = C3A07BCC2DBBCEE20057D3C3 /* ChartDateSelector.swift */; };
		C3A07BE32DBBCEE20057D3C3 /* EmotionText.swift in Sources */ = {isa = PBXBuildFile; fileRef = C3A07BCD2DBBCEE20057D3C3 /* EmotionText.swift */; };
		C3A07BE92DBBF7120057D3C3 /* Database.xcdatamodeld in Sources */ = {isa = PBXBuildFile; fileRef = C3A07BE72DBBF7120057D3C3 /* Database.xcdatamodeld */; };
		C3B1B7AD2D9462140008E38D /* Localizable.xcstrings in Resources */ = {isa = PBXBuildFile; fileRef = C3B1B7AB2D9462140008E38D /* Localizable.xcstrings */; };
		C3BAA6C52DC88F4E00D17DD8 /* CreateTargetView.swift in Sources */ = {isa = PBXBuildFile; fileRef = C3BAA6C42DC88F4E00D17DD8 /* CreateTargetView.swift */; };
		C3BAA6C72DC8FE8400D17DD8 /* SelectTargetView.swift in Sources */ = {isa = PBXBuildFile; fileRef = C3BAA6C62DC8FE8400D17DD8 /* SelectTargetView.swift */; };
		C3D6A50F2DAFBD9B0030FBC6 /* Protocols.swift in Sources */ = {isa = PBXBuildFile; fileRef = C3D6A50E2DAFBD9A0030FBC6 /* Protocols.swift */; };
		CC27AF85F75949608B6E25C6 /* GoalStatusSection.swift in Sources */ = {isa = PBXBuildFile; fileRef = DB6ED1906B3848C59CC05D05 /* GoalStatusSection.swift */; };
		CE51D846E3A44F0F87E4EFAE /* InteractiveJournalCreator.swift in Sources */ = {isa = PBXBuildFile; fileRef = 79B8C68A3AEA4E78BC849D79 /* InteractiveJournalCreator.swift */; };
		D3848842E44F49CEA26DED2F /* SampleDataGenerator.swift in Sources */ = {isa = PBXBuildFile; fileRef = 3BFD7055CFE54796BC366E9C /* SampleDataGenerator.swift */; };
		E308811A2AEB4D4489616333 /* GrowthSummarySection.swift in Sources */ = {isa = PBXBuildFile; fileRef = 9A62A5E5AACE43B898ADB5D2 /* GrowthSummarySection.swift */; };
		F3017B44681D48F397F662E5 /* NewChartView.swift in Sources */ = {isa = PBXBuildFile; fileRef = 094F796C4A4A4170BAA1A6EB /* NewChartView.swift */; };
		46B781E09259FABE4C2E5E9D /* ReboundWidget.appex in Embed Foundation Extensions */ = {isa = PBXBuildFile; fileRef = 008D539F940765D19E5B644C /* ReboundWidget.appex */; settings = {ATTRIBUTES = (RemoveHeadersOnCopy, ); }; };
		69D35D4F9C11B83306F132D1 /* TodayWidget.swift in Sources */ = {isa = PBXBuildFile; fileRef = 346EF8DBF1848CB2B60477D1 /* TodayWidget.swift */; };
		BF0FE3B79F7CCB0FFDAAE993 /* ReboundWidgetBundle.swift in Sources */ = {isa = PBXBuildFile; fileRef = F784A190DA8CA3ECBE8C758C /* ReboundWidgetBundle.swift */; };
		11941837DCAE9B55481767CA /* PebbleTheme.swift in Sources */ = {isa = PBXBuildFile; fileRef = E30E82BDF4C608B7A0304FC0 /* PebbleTheme.swift */; };
		5878968440883284892A95D6 /* PebbleView.swift in Sources */ = {isa = PBXBuildFile; fileRef = 51F995B506A6AF31E454ED76 /* PebbleView.swift */; };
		19C90CE25F9813D9B2A30AFF /* PebbleMood.swift in Sources */ = {isa = PBXBuildFile; fileRef = 0F66578D4FD73232F8D9F4B1 /* PebbleMood.swift */; };
		0A631BB6EF320CA20927EC4B /* PebbleSnapshot.swift in Sources */ = {isa = PBXBuildFile; fileRef = D72BF35EA7595CD8ACE31DEA /* PebbleSnapshot.swift */; };
		DF4238037F15AECBA32209DE /* InfoPlist.xcstrings in Resources */ = {isa = PBXBuildFile; fileRef = 2A45CEB76FB938E172373472 /* InfoPlist.xcstrings */; };
		F7558BD1606AB36D5F5F8F82 /* InfoPlist.xcstrings in Resources */ = {isa = PBXBuildFile; fileRef = 893BF4C6F27562525995B8B3 /* InfoPlist.xcstrings */; };
		0559C0745C9C5ED50352CC9B /* Localizable.xcstrings in Resources */ = {isa = PBXBuildFile; fileRef = 469FA349854C6890405976FC /* Localizable.xcstrings */; };
/* End PBXBuildFile section */

/* Begin PBXContainerItemProxy section */
		F7294EA2E61984123CAAC5DF /* PBXContainerItemProxy */ = {
			isa = PBXContainerItemProxy;
			containerPortal = 586F22802A33861C004C7410 /* Project object */;
			proxyType = 1;
			remoteGlobalIDString = 6197BA0BEE272FF88DD1207C;
			remoteInfo = ReboundWidget;
		};
/* End PBXContainerItemProxy section */

/* Begin PBXCopyFilesBuildPhase section */
		95B854224368979757E6BD8C /* Embed Foundation Extensions */ = {
			isa = PBXCopyFilesBuildPhase;
			buildActionMask = 2147483647;
			dstPath = "";
			dstSubfolderSpec = 13;
			files = (
				46B781E09259FABE4C2E5E9D /* ReboundWidget.appex in Embed Foundation Extensions */,
			);
			name = "Embed Foundation Extensions";
			runOnlyForDeploymentPostprocessing = 0;
		};
/* End PBXCopyFilesBuildPhase section */

/* Begin PBXFileReference section */
		D72BF35EA7595CD8ACE31DEA /* PebbleSnapshot.swift */ = {isa = PBXFileReference; lastKnownFileType = sourcecode.swift; path = PebbleSnapshot.swift; sourceTree = "<group>"; };
		AFC69F56A1D0236F1410A4C3 /* PebbleTips.swift */ = {isa = PBXFileReference; lastKnownFileType = sourcecode.swift; path = PebbleTips.swift; sourceTree = "<group>"; };
		50FB690568C52FDBE7A4B227 /* SpeechStyle.swift */ = {isa = PBXFileReference; lastKnownFileType = sourcecode.swift; path = SpeechStyle.swift; sourceTree = "<group>"; };
		753BFD81E3954E97EE45C6A4 /* Phrasing.swift */ = {isa = PBXFileReference; lastKnownFileType = sourcecode.swift; path = Phrasing.swift; sourceTree = "<group>"; };
		E24EBD032E1D462A60C0EC5C /* EditRecordView.swift */ = {isa = PBXFileReference; lastKnownFileType = sourcecode.swift; path = EditRecordView.swift; sourceTree = "<group>"; };
		12B7A8A52995BD59714800CA /* AllRecordsView.swift */ = {isa = PBXFileReference; lastKnownFileType = sourcecode.swift; path = AllRecordsView.swift; sourceTree = "<group>"; };
		51174705416645E35FAB3931 /* LookBackView.swift */ = {isa = PBXFileReference; lastKnownFileType = sourcecode.swift; path = LookBackView.swift; sourceTree = "<group>"; };
		65C7D628DD35E3A201903F78 /* StoneBridgeView.swift */ = {isa = PBXFileReference; lastKnownFileType = sourcecode.swift; path = StoneBridgeView.swift; sourceTree = "<group>"; };
		A7F45927CE9303F8C2824F89 /* WeekStones.swift */ = {isa = PBXFileReference; lastKnownFileType = sourcecode.swift; path = WeekStones.swift; sourceTree = "<group>"; };
		9D7CF98A0F7679B8C28DEEFC /* GreetingView.swift */ = {isa = PBXFileReference; lastKnownFileType = sourcecode.swift; path = GreetingView.swift; sourceTree = "<group>"; };
		CD3E27FB44F5B7F23F520FD2 /* HomeGreeting.swift */ = {isa = PBXFileReference; lastKnownFileType = sourcecode.swift; path = HomeGreeting.swift; sourceTree = "<group>"; };
		60CB6E6CB6A40303AFA6401B /* TypingFeedback.swift */ = {isa = PBXFileReference; lastKnownFileType = sourcecode.swift; path = TypingFeedback.swift; sourceTree = "<group>"; };
		D41606D32B4E15054B74956C /* ChatBubble.swift */ = {isa = PBXFileReference; lastKnownFileType = sourcecode.swift; path = ChatBubble.swift; sourceTree = "<group>"; };
		FA9637483D25A567BB2C364E /* RootView.swift */ = {isa = PBXFileReference; lastKnownFileType = sourcecode.swift; path = RootView.swift; sourceTree = "<group>"; };
		5EF711FB488680547B2D7443 /* AddGoalView.swift */ = {isa = PBXFileReference; lastKnownFileType = sourcecode.swift; path = AddGoalView.swift; sourceTree = "<group>"; };
		BFEF96E14F52D15708378F21 /* TodayView.swift */ = {isa = PBXFileReference; lastKnownFileType = sourcecode.swift; path = TodayView.swift; sourceTree = "<group>"; };
		0C323EBA60E30BE1C49124A3 /* SpeechCapture.swift */ = {isa = PBXFileReference; lastKnownFileType = sourcecode.swift; path = SpeechCapture.swift; sourceTree = "<group>"; };
		E03344E1764A18AC8CCE0A91 /* Paraphraser.swift */ = {isa = PBXFileReference; lastKnownFileType = sourcecode.swift; path = Paraphraser.swift; sourceTree = "<group>"; };
		C4793847AD7E6899F390C7B5 /* ConversationView.swift */ = {isa = PBXFileReference; lastKnownFileType = sourcecode.swift; path = ConversationView.swift; sourceTree = "<group>"; };
		979420319212C0F8FD12EB31 /* ConversationEngine.swift */ = {isa = PBXFileReference; lastKnownFileType = sourcecode.swift; path = ConversationEngine.swift; sourceTree = "<group>"; };
		70C3253570E9ACC5A2B2E548 /* ConversationScript.swift */ = {isa = PBXFileReference; lastKnownFileType = sourcecode.swift; path = ConversationScript.swift; sourceTree = "<group>"; };
		277B21196696E9C4AA400EB7 /* ProgressObserver.swift */ = {isa = PBXFileReference; lastKnownFileType = sourcecode.swift; path = ProgressObserver.swift; sourceTree = "<group>"; };
		C1CE57171C6D211922D643B5 /* PebbleVoice.swift */ = {isa = PBXFileReference; lastKnownFileType = sourcecode.swift; path = PebbleVoice.swift; sourceTree = "<group>"; };
		51F995B506A6AF31E454ED76 /* PebbleView.swift */ = {isa = PBXFileReference; lastKnownFileType = sourcecode.swift; path = PebbleView.swift; sourceTree = "<group>"; };
		0F66578D4FD73232F8D9F4B1 /* PebbleMood.swift */ = {isa = PBXFileReference; lastKnownFileType = sourcecode.swift; path = PebbleMood.swift; sourceTree = "<group>"; };
		E30E82BDF4C608B7A0304FC0 /* PebbleTheme.swift */ = {isa = PBXFileReference; lastKnownFileType = sourcecode.swift; path = PebbleTheme.swift; sourceTree = "<group>"; };
		094F796C4A4A4170BAA1A6EB /* NewChartView.swift */ = {isa = PBXFileReference; lastKnownFileType = sourcecode.swift; path = NewChartView.swift; sourceTree = "<group>"; };
		1215AF43CDBE4028B67E81D4 /* ActiveReboundSection.swift */ = {isa = PBXFileReference; lastKnownFileType = sourcecode.swift; path = ActiveReboundSection.swift; sourceTree = "<group>"; };
		2AEC7F09DD37474CA15D0439 /* SuccessFromReboundCelebration.swift */ = {isa = PBXFileReference; lastKnownFileType = sourcecode.swift; path = SuccessFromReboundCelebration.swift; sourceTree = "<group>"; };
		2EA2F36562F24D3294AAC6F9 /* TimelineView.swift */ = {isa = PBXFileReference; lastKnownFileType = sourcecode.swift; path = TimelineView.swift; sourceTree = "<group>"; };
		3BFD7055CFE54796BC366E9C /* SampleDataGenerator.swift */ = {isa = PBXFileReference; lastKnownFileType = sourcecode.swift; path = SampleDataGenerator.swift; sourceTree = "<group>"; };
		586F22882A33861C004C7410 /* Rebound Journal.app */ = {isa = PBXFileReference; explicitFileType = wrapper.application; includeInIndex = 0; path = "Rebound Journal.app"; sourceTree = BUILT_PRODUCTS_DIR; };
		586F228B2A33861C004C7410 /* ReboundJournalApp.swift */ = {isa = PBXFileReference; lastKnownFileType = sourcecode.swift; path = ReboundJournalApp.swift; sourceTree = "<group>"; };
		586F228D2A33861C004C7410 /* DashboardContentView.swift */ = {isa = PBXFileReference; lastKnownFileType = sourcecode.swift; path = DashboardContentView.swift; sourceTree = "<group>"; };
		586F228F2A33861D004C7410 /* Assets.xcassets */ = {isa = PBXFileReference; lastKnownFileType = folder.assetcatalog; path = Assets.xcassets; sourceTree = "<group>"; };
		586F22922A33861D004C7410 /* Preview Assets.xcassets */ = {isa = PBXFileReference; lastKnownFileType = folder.assetcatalog; path = "Preview Assets.xcassets"; sourceTree = "<group>"; };
		586F229A2A3387AF004C7410 /* DataManager.swift */ = {isa = PBXFileReference; lastKnownFileType = sourcecode.swift; path = DataManager.swift; sourceTree = "<group>"; };
		586F229F2A338990004C7410 /* AppConfig.swift */ = {isa = PBXFileReference; lastKnownFileType = sourcecode.swift; path = AppConfig.swift; sourceTree = "<group>"; };
		586F22AA2A339261004C7410 /* JournalEntryCreationStep.swift */ = {isa = PBXFileReference; lastKnownFileType = sourcecode.swift; path = JournalEntryCreationStep.swift; sourceTree = "<group>"; };
		589DCCAF2D04B887003F86E5 /* AppDelegate.swift */ = {isa = PBXFileReference; lastKnownFileType = sourcecode.swift; path = AppDelegate.swift; sourceTree = "<group>"; };
		58D6706C2BD01BBE00F581E2 /* String+Extension.swift */ = {isa = PBXFileReference; lastKnownFileType = sourcecode.swift; path = "String+Extension.swift"; sourceTree = "<group>"; };
		58D6706E2BD01BDE00F581E2 /* Date+Extension.swift */ = {isa = PBXFileReference; lastKnownFileType = sourcecode.swift; path = "Date+Extension.swift"; sourceTree = "<group>"; };
		58D670702BD01C0F00F581E2 /* Calendar+Extension.swift */ = {isa = PBXFileReference; lastKnownFileType = sourcecode.swift; path = "Calendar+Extension.swift"; sourceTree = "<group>"; };
		58D670722BD01EC100F581E2 /* View+Extension.swift */ = {isa = PBXFileReference; lastKnownFileType = sourcecode.swift; path = "View+Extension.swift"; sourceTree = "<group>"; };
		58D670742BD01ED900F581E2 /* UIImage+Extension.swift */ = {isa = PBXFileReference; lastKnownFileType = sourcecode.swift; path = "UIImage+Extension.swift"; sourceTree = "<group>"; };
		58D670762BD01F0400F581E2 /* Binding+Extension.swift */ = {isa = PBXFileReference; lastKnownFileType = sourcecode.swift; path = "Binding+Extension.swift"; sourceTree = "<group>"; };
		58D670782BD01F2400F581E2 /* UIAlertAction+Extension.swift */ = {isa = PBXFileReference; lastKnownFileType = sourcecode.swift; path = "UIAlertAction+Extension.swift"; sourceTree = "<group>"; };
		58D6707A2BD0275600F581E2 /* Constants.swift */ = {isa = PBXFileReference; lastKnownFileType = sourcecode.swift; path = Constants.swift; sourceTree = "<group>"; };
		58FAF68C2D01F0C8008BE152 /* SettingsView.swift */ = {isa = PBXFileReference; lastKnownFileType = sourcecode.swift; path = SettingsView.swift; sourceTree = "<group>"; };
		58FAF68E2D01F2C4008BE152 /* PasscodeView.swift */ = {isa = PBXFileReference; lastKnownFileType = sourcecode.swift; path = PasscodeView.swift; sourceTree = "<group>"; };
		58FE87B22E37A04E00B91E3C /* Rebound Journal.entitlements */ = {isa = PBXFileReference; lastKnownFileType = text.plist.entitlements; path = "Rebound Journal.entitlements"; sourceTree = "<group>"; };
		79B8C68A3AEA4E78BC849D79 /* InteractiveJournalCreator.swift */ = {isa = PBXFileReference; lastKnownFileType = sourcecode.swift; path = InteractiveJournalCreator.swift; sourceTree = "<group>"; };
		8F8ACA832E1E946100624A89 /* Alert+Extension.swift */ = {isa = PBXFileReference; lastKnownFileType = sourcecode.swift; path = "Alert+Extension.swift"; sourceTree = "<group>"; };
		9A62A5E5AACE43B898ADB5D2 /* GrowthSummarySection.swift */ = {isa = PBXFileReference; lastKnownFileType = sourcecode.swift; path = GrowthSummarySection.swift; sourceTree = "<group>"; };
		9C5A70E92BD201D0004B6F30 /* Color+Extension.swift */ = {isa = PBXFileReference; lastKnownFileType = sourcecode.swift; path = "Color+Extension.swift"; sourceTree = "<group>"; };
		A8CEB7F55F0C4DBCA5F58161 /* Rebound JournalSpec.swift */ = {isa = PBXFileReference; includeInIndex = 1; lastKnownFileType = sourcecode.swift; path = "Rebound JournalSpec.swift"; sourceTree = "<group>"; };
		AF0A0D2E118E4EFFB064D5B5 /* SinglePageJournalCreator.swift */ = {isa = PBXFileReference; lastKnownFileType = sourcecode.swift; path = SinglePageJournalCreator.swift; sourceTree = "<group>"; };
		C32530D32E63B886000A2E55 /* GoalInfo.swift */ = {isa = PBXFileReference; lastKnownFileType = sourcecode.swift; path = GoalInfo.swift; sourceTree = "<group>"; };
		C3423FCF2DD8F385000F2E4D /* SubGoalData.swift */ = {isa = PBXFileReference; lastKnownFileType = sourcecode.swift; path = SubGoalData.swift; sourceTree = "<group>"; };
		C345BA712E50DB4C00F93049 /* GoalList.swift */ = {isa = PBXFileReference; lastKnownFileType = sourcecode.swift; path = GoalList.swift; sourceTree = "<group>"; };
		C345BA772E54523B00F93049 /* HomeView.swift */ = {isa = PBXFileReference; lastKnownFileType = sourcecode.swift; path = HomeView.swift; sourceTree = "<group>"; };
		C345BA792E545A8900F93049 /* JournalList.swift */ = {isa = PBXFileReference; lastKnownFileType = sourcecode.swift; path = JournalList.swift; sourceTree = "<group>"; };
		C37782F22DB4E3C600BE2CF2 /* JournalSummary.swift */ = {isa = PBXFileReference; lastKnownFileType = sourcecode.swift; path = JournalSummary.swift; sourceTree = "<group>"; };
		C37782F42DB4E65700BE2CF2 /* Array+Extension.swift */ = {isa = PBXFileReference; lastKnownFileType = sourcecode.swift; path = "Array+Extension.swift"; sourceTree = "<group>"; };
		C37782F62DB4EE3000BE2CF2 /* JournalMetaData.swift */ = {isa = PBXFileReference; lastKnownFileType = sourcecode.swift; path = JournalMetaData.swift; sourceTree = "<group>"; };
		C37782F82DB4F3F800BE2CF2 /* JournalChart.swift */ = {isa = PBXFileReference; lastKnownFileType = sourcecode.swift; path = JournalChart.swift; sourceTree = "<group>"; };
		C377A9632DCFA63F000F227D /* JournalData.swift */ = {isa = PBXFileReference; lastKnownFileType = sourcecode.swift; path = JournalData.swift; sourceTree = "<group>"; };
		C377A9662DCFA64000F227D /* JournalAnalyzer.swift */ = {isa = PBXFileReference; lastKnownFileType = sourcecode.swift; path = JournalAnalyzer.swift; sourceTree = "<group>"; };
		C37E18082E617A53000B4E5B /* HomeViewModel.swift */ = {isa = PBXFileReference; lastKnownFileType = sourcecode.swift; path = HomeViewModel.swift; sourceTree = "<group>"; };
		C3A07BB72DBA4B640057D3C3 /* ChartDetailView.swift */ = {isa = PBXFileReference; lastKnownFileType = sourcecode.swift; path = ChartDetailView.swift; sourceTree = "<group>"; };
		C3A07BB82DBA4B640057D3C3 /* ChartView.swift */ = {isa = PBXFileReference; lastKnownFileType = sourcecode.swift; path = ChartView.swift; sourceTree = "<group>"; };
		C3A07BB92DBA4B640057D3C3 /* ChartViewModel.swift */ = {isa = PBXFileReference; lastKnownFileType = sourcecode.swift; path = ChartViewModel.swift; sourceTree = "<group>"; };
		C3A07BBA2DBA4B640057D3C3 /* JournalCreatorViewModel.swift */ = {isa = PBXFileReference; lastKnownFileType = sourcecode.swift; path = JournalCreatorViewModel.swift; sourceTree = "<group>"; };
		C3A07BCC2DBBCEE20057D3C3 /* ChartDateSelector.swift */ = {isa = PBXFileReference; lastKnownFileType = sourcecode.swift; path = ChartDateSelector.swift; sourceTree = "<group>"; };
		C3A07BCD2DBBCEE20057D3C3 /* EmotionText.swift */ = {isa = PBXFileReference; lastKnownFileType = sourcecode.swift; path = EmotionText.swift; sourceTree = "<group>"; };
		C3A07BCE2DBBCEE20057D3C3 /* EmotionTracker.swift */ = {isa = PBXFileReference; lastKnownFileType = sourcecode.swift; path = EmotionTracker.swift; sourceTree = "<group>"; };
		C3A07BCF2DBBCEE20057D3C3 /* ModalHeaderBar.swift */ = {isa = PBXFileReference; lastKnownFileType = sourcecode.swift; path = ModalHeaderBar.swift; sourceTree = "<group>"; };
		C3A07BD02DBBCEE20057D3C3 /* ShootCreationHeader.swift */ = {isa = PBXFileReference; lastKnownFileType = sourcecode.swift; path = ShootCreationHeader.swift; sourceTree = "<group>"; };
		C3A07BD12DBBCEE20057D3C3 /* StepControlView.swift */ = {isa = PBXFileReference; lastKnownFileType = sourcecode.swift; path = StepControlView.swift; sourceTree = "<group>"; };
		C3A07BD22DBBCEE20057D3C3 /* VerticalSlider.swift */ = {isa = PBXFileReference; lastKnownFileType = sourcecode.swift; path = VerticalSlider.swift; sourceTree = "<group>"; };
		C3A07BD42DBBCEE20057D3C3 /* EmotionInputView.swift */ = {isa = PBXFileReference; lastKnownFileType = sourcecode.swift; path = EmotionInputView.swift; sourceTree = "<group>"; };
		C3A07BD52DBBCEE20057D3C3 /* JounrnalCreator.swift */ = {isa = PBXFileReference; lastKnownFileType = sourcecode.swift; path = JounrnalCreator.swift; sourceTree = "<group>"; };
		C3A07BD62DBBCEE20057D3C3 /* ReviewPlanView.swift */ = {isa = PBXFileReference; lastKnownFileType = sourcecode.swift; path = ReviewPlanView.swift; sourceTree = "<group>"; };
		C3A07BD72DBBCEE20057D3C3 /* SelectShootTypeView.swift */ = {isa = PBXFileReference; lastKnownFileType = sourcecode.swift; path = SelectShootTypeView.swift; sourceTree = "<group>"; };
		C3A07BE82DBBF7120057D3C3 /* Database.xcdatamodel */ = {isa = PBXFileReference; lastKnownFileType = wrapper.xcdatamodel; path = Database.xcdatamodel; sourceTree = "<group>"; };
		C3B1B7AB2D9462140008E38D /* Localizable.xcstrings */ = {isa = PBXFileReference; lastKnownFileType = text.json.xcstrings; path = Localizable.xcstrings; sourceTree = "<group>"; };
		C3B1B7AC2D9462140008E38D /* Rebound-Journal-Info.plist */ = {isa = PBXFileReference; lastKnownFileType = text.plist.xml; path = "Rebound-Journal-Info.plist"; sourceTree = "<group>"; };
		C3BAA6C42DC88F4E00D17DD8 /* CreateTargetView.swift */ = {isa = PBXFileReference; lastKnownFileType = sourcecode.swift; path = CreateTargetView.swift; sourceTree = "<group>"; };
		C3BAA6C62DC8FE8400D17DD8 /* SelectTargetView.swift */ = {isa = PBXFileReference; lastKnownFileType = sourcecode.swift; path = SelectTargetView.swift; sourceTree = "<group>"; };
		C3D6A50E2DAFBD9A0030FBC6 /* Protocols.swift */ = {isa = PBXFileReference; lastKnownFileType = sourcecode.swift; path = Protocols.swift; sourceTree = "<group>"; };
		D3199CF6D8954C81AE25F64C /* JournalTimelineView.swift */ = {isa = PBXFileReference; lastKnownFileType = sourcecode.swift; path = JournalTimelineView.swift; sourceTree = "<group>"; };
		DB6ED1906B3848C59CC05D05 /* GoalStatusSection.swift */ = {isa = PBXFileReference; lastKnownFileType = sourcecode.swift; path = GoalStatusSection.swift; sourceTree = "<group>"; };
		E5FC04D885E445EC93D1C15E /* StatisticsAnalyzer.swift */ = {isa = PBXFileReference; lastKnownFileType = sourcecode.swift; path = StatisticsAnalyzer.swift; sourceTree = "<group>"; };
		F7C3B353F6B34696A8EA2B06 /* CollapsibleGoalSection.swift */ = {isa = PBXFileReference; lastKnownFileType = sourcecode.swift; path = CollapsibleGoalSection.swift; sourceTree = "<group>"; };
		008D539F940765D19E5B644C /* ReboundWidget.appex */ = {isa = PBXFileReference; explicitFileType = "wrapper.app-extension"; includeInIndex = 0; path = "ReboundWidget.appex"; sourceTree = BUILT_PRODUCTS_DIR; };
		2865C3F121BCA8EFE72A7C91 /* Info.plist */ = {isa = PBXFileReference; lastKnownFileType = text.plist.xml; path = Info.plist; sourceTree = "<group>"; };
		BDBF3899E539514D113B579B /* ReboundWidget.entitlements */ = {isa = PBXFileReference; lastKnownFileType = text.plist.entitlements; path = ReboundWidget.entitlements; sourceTree = "<group>"; };
		346EF8DBF1848CB2B60477D1 /* TodayWidget.swift */ = {isa = PBXFileReference; lastKnownFileType = sourcecode.swift; path = TodayWidget.swift; sourceTree = "<group>"; };
		F784A190DA8CA3ECBE8C758C /* ReboundWidgetBundle.swift */ = {isa = PBXFileReference; lastKnownFileType = sourcecode.swift; path = ReboundWidgetBundle.swift; sourceTree = "<group>"; };
		2A45CEB76FB938E172373472 /* InfoPlist.xcstrings */ = {isa = PBXFileReference; lastKnownFileType = text.json.xcstrings; path = InfoPlist.xcstrings; sourceTree = "<group>"; };
		893BF4C6F27562525995B8B3 /* InfoPlist.xcstrings */ = {isa = PBXFileReference; lastKnownFileType = text.json.xcstrings; path = InfoPlist.xcstrings; sourceTree = "<group>"; };
		469FA349854C6890405976FC /* Localizable.xcstrings */ = {isa = PBXFileReference; lastKnownFileType = text.json.xcstrings; path = Localizable.xcstrings; sourceTree = "<group>"; };
/* End PBXFileReference section */

/* Begin PBXFrameworksBuildPhase section */
		586F22852A33861C004C7410 /* Frameworks */ = {
			isa = PBXFrameworksBuildPhase;
			buildActionMask = 2147483647;
			files = (
				76CCE816D1E2A31C5D918B96 /* LeeoKit in Frameworks */,
			);
			runOnlyForDeploymentPostprocessing = 0;
		};
		F663ECC3EFA7B9913BE6C741 /* Frameworks */ = {
			isa = PBXFrameworksBuildPhase;
			buildActionMask = 2147483647;
			files = (
			);
			runOnlyForDeploymentPostprocessing = 0;
		};
/* End PBXFrameworksBuildPhase section */

/* Begin PBXGroup section */
		40D9FD48113A2F1BCA71CB73 /* Widget */ = {
			isa = PBXGroup;
			children = (
			
				D72BF35EA7595CD8ACE31DEA /* PebbleSnapshot.swift */,);
			path = Widget;
			sourceTree = "<group>";
		};
		62173F9EBD4C53E4BB0ABD98 /* Guidance */ = {
			isa = PBXGroup;
			children = (
			
				AFC69F56A1D0236F1410A4C3 /* PebbleTips.swift */,);
			path = Guidance;
			sourceTree = "<group>";
		};
		12AC9953CF8C3B82C7052CE2 /* Home */ = {
			isa = PBXGroup;
			children = (
			
				BFEF96E14F52D15708378F21 /* TodayView.swift */,
				5EF711FB488680547B2D7443 /* AddGoalView.swift */,
				FA9637483D25A567BB2C364E /* RootView.swift */,
				CD3E27FB44F5B7F23F520FD2 /* HomeGreeting.swift */,
				9D7CF98A0F7679B8C28DEEFC /* GreetingView.swift */,
				65C7D628DD35E3A201903F78 /* StoneBridgeView.swift */,
				51174705416645E35FAB3931 /* LookBackView.swift */,
				12B7A8A52995BD59714800CA /* AllRecordsView.swift */,
				E24EBD032E1D462A60C0EC5C /* EditRecordView.swift */,);
			path = Home;
			sourceTree = "<group>";
		};
		37A6322C99CD327DC7B22EBD /* Voice */ = {
			isa = PBXGroup;
			children = (
			
				0C323EBA60E30BE1C49124A3 /* SpeechCapture.swift */,);
			path = Voice;
			sourceTree = "<group>";
		};
		A8D0DEC093A1C379B2A46325 /* Intelligence */ = {
			isa = PBXGroup;
			children = (
			
				E03344E1764A18AC8CCE0A91 /* Paraphraser.swift */,);
			path = Intelligence;
			sourceTree = "<group>";
		};
		24B10987BE8A939853EC5FBD /* Conversation */ = {
			isa = PBXGroup;
			children = (
			
				70C3253570E9ACC5A2B2E548 /* ConversationScript.swift */,
				979420319212C0F8FD12EB31 /* ConversationEngine.swift */,
				C4793847AD7E6899F390C7B5 /* ConversationView.swift */,
				D41606D32B4E15054B74956C /* ChatBubble.swift */,
				753BFD81E3954E97EE45C6A4 /* Phrasing.swift */,
				50FB690568C52FDBE7A4B227 /* SpeechStyle.swift */,);
			path = Conversation;
			sourceTree = "<group>";
		};
		0D464A7327077912F4691D4C /* Observation */ = {
			isa = PBXGroup;
			children = (
			
				277B21196696E9C4AA400EB7 /* ProgressObserver.swift */,
				A7F45927CE9303F8C2824F89 /* WeekStones.swift */,);
			path = Observation;
			sourceTree = "<group>";
		};
		97A1F30FD65D76138B80FB02 /* Companion */ = {
			isa = PBXGroup;
			children = (
			
				0F66578D4FD73232F8D9F4B1 /* PebbleMood.swift */,
				51F995B506A6AF31E454ED76 /* PebbleView.swift */,
				C1CE57171C6D211922D643B5 /* PebbleVoice.swift */,
				60CB6E6CB6A40303AFA6401B /* TypingFeedback.swift */,);
			path = Companion;
			sourceTree = "<group>";
		};
		5864DBE77DB32EDE15349E1F /* DesignSystem */ = {
			isa = PBXGroup;
			children = (
			
				E30E82BDF4C608B7A0304FC0 /* PebbleTheme.swift */,);
			path = DesignSystem;
			sourceTree = "<group>";
		};
		BE3325E5AE7A34C1EC2F7A7F /* Redesign */ = {
			isa = PBXGroup;
			children = (
			
				5864DBE77DB32EDE15349E1F /* DesignSystem */,
				97A1F30FD65D76138B80FB02 /* Companion */,
				0D464A7327077912F4691D4C /* Observation */,
				24B10987BE8A939853EC5FBD /* Conversation */,
				A8D0DEC093A1C379B2A46325 /* Intelligence */,
				37A6322C99CD327DC7B22EBD /* Voice */,
				12AC9953CF8C3B82C7052CE2 /* Home */,
				62173F9EBD4C53E4BB0ABD98 /* Guidance */,
				40D9FD48113A2F1BCA71CB73 /* Widget */,);
			path = Redesign;
			sourceTree = "<group>";
		};
		05348D0C19664A14A45BD717 /* Timeline */ = {
			isa = PBXGroup;
			children = (
				2EA2F36562F24D3294AAC6F9 /* TimelineView.swift */,
			);
			path = Timeline;
			sourceTree = "<group>";
		};
		4905299FBD8B40C5A53B5BAC /* Utilities */ = {
			isa = PBXGroup;
			children = (
				3BFD7055CFE54796BC366E9C /* SampleDataGenerator.swift */,
			);
			path = Utilities;
			sourceTree = "<group>";
		};
		586F227F2A33861C004C7410 = {
			isa = PBXGroup;
			children = (
				2A45CEB76FB938E172373472 /* InfoPlist.xcstrings */,
				C3B1B7AB2D9462140008E38D /* Localizable.xcstrings */,
				C3B1B7AC2D9462140008E38D /* Rebound-Journal-Info.plist */,
				586F228A2A33861C004C7410 /* Rebound Journal */,
				D2A6396157B5A91A4951FC2D /* ReboundWidget */,
				586F22892A33861C004C7410 /* Products */,
			);
			sourceTree = "<group>";
		};
		586F22892A33861C004C7410 /* Products */ = {
			isa = PBXGroup;
			children = (
				008D539F940765D19E5B644C /* ReboundWidget.appex */,
				586F22882A33861C004C7410 /* Rebound Journal.app */,
			);
			name = Products;
			sourceTree = "<group>";
		};
		586F228A2A33861C004C7410 /* Rebound Journal */ = {
			isa = PBXGroup;
			children = (
				58FE87B22E37A04E00B91E3C /* Rebound Journal.entitlements */,
				C3A07BCB2DBBCED10057D3C3 /* ViewModel */,
				58D6706B2BD01BA800F581E2 /* Extensions */,
				586F22992A338793004C7410 /* Model */,
				589D5F412A3EDBD100DB3CCF /* Screen */,
				4905299FBD8B40C5A53B5BAC /* Utilities */,
				589DCCAF2D04B887003F86E5 /* AppDelegate.swift */,
				586F229F2A338990004C7410 /* AppConfig.swift */,
				586F228B2A33861C004C7410 /* ReboundJournalApp.swift */,
				58D6707A2BD0275600F581E2 /* Constants.swift */,
				586F228F2A33861D004C7410 /* Assets.xcassets */,
				586F22912A33861D004C7410 /* Preview Content */,
				A8CEB7F55F0C4DBCA5F58161 /* Rebound JournalSpec.swift */,
			
				BE3325E5AE7A34C1EC2F7A7F /* Redesign */,);
			path = "Rebound Journal";
			sourceTree = "<group>";
		};
		586F22912A33861D004C7410 /* Preview Content */ = {
			isa = PBXGroup;
			children = (
				586F22922A33861D004C7410 /* Preview Assets.xcassets */,
			);
			path = "Preview Content";
			sourceTree = "<group>";
		};
		586F22992A338793004C7410 /* Model */ = {
			isa = PBXGroup;
			children = (
				C32530D22E63B877000A2E55 /* Home */,
				C38D927A2E4B94A900C569E9 /* Shared */,
				C38D92782E4B947000C569E9 /* Chart */,
				C38D92702E4B92D300C569E9 /* Journal */,
			);
			path = Model;
			sourceTree = "<group>";
		};
		589D5F412A3EDBD100DB3CCF /* Screen */ = {
			isa = PBXGroup;
			children = (
				C38D927B2E4B94D100C569E9 /* Home */,
				C38D92742E4B938900C569E9 /* Components */,
				C38D92722E4B935300C569E9 /* Chart */,
				C38D92712E4B934100C569E9 /* Target */,
				C38D926F2E4B92BC00C569E9 /* Journal */,
				C38D926E2E4B92AF00C569E9 /* Setting */,
				05348D0C19664A14A45BD717 /* Timeline */,
			);
			path = Screen;
			sourceTree = "<group>";
		};
		58D6706B2BD01BA800F581E2 /* Extensions */ = {
			isa = PBXGroup;
			children = (
				58D6706C2BD01BBE00F581E2 /* String+Extension.swift */,
				58D6706E2BD01BDE00F581E2 /* Date+Extension.swift */,
				58D670702BD01C0F00F581E2 /* Calendar+Extension.swift */,
				58D670722BD01EC100F581E2 /* View+Extension.swift */,
				58D670742BD01ED900F581E2 /* UIImage+Extension.swift */,
				58D670762BD01F0400F581E2 /* Binding+Extension.swift */,
				58D670782BD01F2400F581E2 /* UIAlertAction+Extension.swift */,
				9C5A70E92BD201D0004B6F30 /* Color+Extension.swift */,
				C37782F42DB4E65700BE2CF2 /* Array+Extension.swift */,
				8F8ACA832E1E946100624A89 /* Alert+Extension.swift */,
			);
			path = Extensions;
			sourceTree = "<group>";
		};
		C32530D22E63B877000A2E55 /* Home */ = {
			isa = PBXGroup;
			children = (
				C32530D32E63B886000A2E55 /* GoalInfo.swift */,
			);
			path = Home;
			sourceTree = "<group>";
		};
		C345BA702E50DB3E00F93049 /* SubView */ = {
			isa = PBXGroup;
			children = (
				C345BA712E50DB4C00F93049 /* GoalList.swift */,
				C345BA792E545A8900F93049 /* JournalList.swift */,
				1215AF43CDBE4028B67E81D4 /* ActiveReboundSection.swift */,
				D3199CF6D8954C81AE25F64C /* JournalTimelineView.swift */,
				F7C3B353F6B34696A8EA2B06 /* CollapsibleGoalSection.swift */,
				9A62A5E5AACE43B898ADB5D2 /* GrowthSummarySection.swift */,
				DB6ED1906B3848C59CC05D05 /* GoalStatusSection.swift */,
			);
			path = SubView;
			sourceTree = "<group>";
		};
		C37E18072E617A42000B4E5B /* Home */ = {
			isa = PBXGroup;
			children = (
				C37E18082E617A53000B4E5B /* HomeViewModel.swift */,
			);
			path = Home;
			sourceTree = "<group>";
		};
		C38D926E2E4B92AF00C569E9 /* Setting */ = {
			isa = PBXGroup;
			children = (
				58FAF68E2D01F2C4008BE152 /* PasscodeView.swift */,
				58FAF68C2D01F0C8008BE152 /* SettingsView.swift */,
			);
			path = Setting;
			sourceTree = "<group>";
		};
		C38D926F2E4B92BC00C569E9 /* Journal */ = {
			isa = PBXGroup;
			children = (
				C3A07BE62DBBCF140057D3C3 /* Creation */,
			);
			path = Journal;
			sourceTree = "<group>";
		};
		C38D92702E4B92D300C569E9 /* Journal */ = {
			isa = PBXGroup;
			children = (
				586F22AA2A339261004C7410 /* JournalEntryCreationStep.swift */,
			);
			path = Journal;
			sourceTree = "<group>";
		};
		C38D92712E4B934100C569E9 /* Target */ = {
			isa = PBXGroup;
			children = (
				C3BAA6C42DC88F4E00D17DD8 /* CreateTargetView.swift */,
				C3BAA6C62DC8FE8400D17DD8 /* SelectTargetView.swift */,
			);
			path = Target;
			sourceTree = "<group>";
		};
		C38D92722E4B935300C569E9 /* Chart */ = {
			isa = PBXGroup;
			children = (
				C3A07BB82DBA4B640057D3C3 /* ChartView.swift */,
				C38D92732E4B936800C569E9 /* SubView */,
				094F796C4A4A4170BAA1A6EB /* NewChartView.swift */,
			);
			path = Chart;
			sourceTree = "<group>";
		};
		C38D92732E4B936800C569E9 /* SubView */ = {
			isa = PBXGroup;
			children = (
				C3A07BCC2DBBCEE20057D3C3 /* ChartDateSelector.swift */,
				C3A07BB72DBA4B640057D3C3 /* ChartDetailView.swift */,
			);
			path = SubView;
			sourceTree = "<group>";
		};
		C38D92742E4B938900C569E9 /* Components */ = {
			isa = PBXGroup;
			children = (
				C3A07BCF2DBBCEE20057D3C3 /* ModalHeaderBar.swift */,
				C3A07BD12DBBCEE20057D3C3 /* StepControlView.swift */,
				C3A07BD22DBBCEE20057D3C3 /* VerticalSlider.swift */,
			);
			path = Components;
			sourceTree = "<group>";
		};
		C38D92752E4B93CA00C569E9 /* Chart */ = {
			isa = PBXGroup;
			children = (
				C3A07BB92DBA4B640057D3C3 /* ChartViewModel.swift */,
			);
			path = Chart;
			sourceTree = "<group>";
		};
		C38D92762E4B93CE00C569E9 /* Journal */ = {
			isa = PBXGroup;
			children = (
				C38D927C2E4B968800C569E9 /* Creation */,
			);
			path = Journal;
			sourceTree = "<group>";
		};
		C38D92772E4B93E500C569E9 /* SubView */ = {
			isa = PBXGroup;
			children = (
				C3A07BD72DBBCEE20057D3C3 /* SelectShootTypeView.swift */,
				C3A07BD62DBBCEE20057D3C3 /* ReviewPlanView.swift */,
				C3A07BD42DBBCEE20057D3C3 /* EmotionInputView.swift */,
				C3A07BCD2DBBCEE20057D3C3 /* EmotionText.swift */,
				C3A07BCE2DBBCEE20057D3C3 /* EmotionTracker.swift */,
				C3A07BD02DBBCEE20057D3C3 /* ShootCreationHeader.swift */,
				2AEC7F09DD37474CA15D0439 /* SuccessFromReboundCelebration.swift */,
			);
			path = SubView;
			sourceTree = "<group>";
		};
		C38D92782E4B947000C569E9 /* Chart */ = {
			isa = PBXGroup;
			children = (
				C37782F62DB4EE3000BE2CF2 /* JournalMetaData.swift */,
				C37782F22DB4E3C600BE2CF2 /* JournalSummary.swift */,
				C37782F82DB4F3F800BE2CF2 /* JournalChart.swift */,
			);
			path = Chart;
			sourceTree = "<group>";
		};
		C38D92792E4B949100C569E9 /* Shared */ = {
			isa = PBXGroup;
			children = (
				586F229A2A3387AF004C7410 /* DataManager.swift */,
			);
			path = Shared;
			sourceTree = "<group>";
		};
		C38D927A2E4B94A900C569E9 /* Shared */ = {
			isa = PBXGroup;
			children = (
				C3423FCF2DD8F385000F2E4D /* SubGoalData.swift */,
				C3A07BE72DBBF7120057D3C3 /* Database.xcdatamodeld */,
				C3D6A50E2DAFBD9A0030FBC6 /* Protocols.swift */,
				C377A9632DCFA63F000F227D /* JournalData.swift */,
				C377A9662DCFA64000F227D /* JournalAnalyzer.swift */,
				E5FC04D885E445EC93D1C15E /* StatisticsAnalyzer.swift */,
			);
			path = Shared;
			sourceTree = "<group>";
		};
		C38D927B2E4B94D100C569E9 /* Home */ = {
			isa = PBXGroup;
			children = (
				C345BA772E54523B00F93049 /* HomeView.swift */,
				586F228D2A33861C004C7410 /* DashboardContentView.swift */,
				C345BA702E50DB3E00F93049 /* SubView */,
			);
			path = Home;
			sourceTree = "<group>";
		};
		C38D927C2E4B968800C569E9 /* Creation */ = {
			isa = PBXGroup;
			children = (
				C3A07BBA2DBA4B640057D3C3 /* JournalCreatorViewModel.swift */,
				79B8C68A3AEA4E78BC849D79 /* InteractiveJournalCreator.swift */,
			);
			path = Creation;
			sourceTree = "<group>";
		};
		C3A07BCB2DBBCED10057D3C3 /* ViewModel */ = {
			isa = PBXGroup;
			children = (
				C37E18072E617A42000B4E5B /* Home */,
				C38D92792E4B949100C569E9 /* Shared */,
				C38D92762E4B93CE00C569E9 /* Journal */,
				C38D92752E4B93CA00C569E9 /* Chart */,
			);
			path = ViewModel;
			sourceTree = "<group>";
		};
		C3A07BE62DBBCF140057D3C3 /* Creation */ = {
			isa = PBXGroup;
			children = (
				C3A07BD52DBBCEE20057D3C3 /* JounrnalCreator.swift */,
				AF0A0D2E118E4EFFB064D5B5 /* SinglePageJournalCreator.swift */,
				C38D92772E4B93E500C569E9 /* SubView */,
			);
			path = Creation;
			sourceTree = "<group>";
		};
		D2A6396157B5A91A4951FC2D /* ReboundWidget */ = {
			isa = PBXGroup;
			children = (
				469FA349854C6890405976FC /* Localizable.xcstrings */,
				893BF4C6F27562525995B8B3 /* InfoPlist.xcstrings */,
				346EF8DBF1848CB2B60477D1 /* TodayWidget.swift */,
				F784A190DA8CA3ECBE8C758C /* ReboundWidgetBundle.swift */,
				2865C3F121BCA8EFE72A7C91 /* Info.plist */,
				BDBF3899E539514D113B579B /* ReboundWidget.entitlements */,
			);
			path = ReboundWidget;
			sourceTree = "<group>";
		};
/* End PBXGroup section */

/* Begin PBXNativeTarget section */
		586F22872A33861C004C7410 /* Rebound Journal */ = {
			isa = PBXNativeTarget;
			buildConfigurationList = 586F22962A33861D004C7410 /* Build configuration list for PBXNativeTarget "Rebound Journal" */;
			buildPhases = (
				586F22842A33861C004C7410 /* Sources */,
				586F22852A33861C004C7410 /* Frameworks */,
				586F22862A33861C004C7410 /* Resources */,
				95B854224368979757E6BD8C /* Embed Foundation Extensions */,
			);
			buildRules = (
			);
			dependencies = (
				F7B674EB54D2867F9D4771C8 /* PBXTargetDependency */,
			);
			name = "Rebound Journal";
			packageProductDependencies = (
				8F652E997127C9970155311C /* LeeoKit */,
			);
			productName = "Rebound Journal";
			productReference = 586F22882A33861C004C7410 /* Rebound Journal.app */;
			productType = "com.apple.product-type.application";
		};
		6197BA0BEE272FF88DD1207C /* ReboundWidget */ = {
			isa = PBXNativeTarget;
			buildConfigurationList = 89AAB1B02031CFA38800C53D /* Build configuration list for PBXNativeTarget "ReboundWidget" */;
			buildPhases = (
				A11D78B82E961502C7054877 /* Sources */,
				F663ECC3EFA7B9913BE6C741 /* Frameworks */,
				19A9DEF6A2FCC41ACCA158DA /* Resources */,
			);
			buildRules = (
			);
			dependencies = (
			);
			name = ReboundWidget;
			productName = ReboundWidget;
			productReference = 008D539F940765D19E5B644C /* ReboundWidget.appex */;
			productType = "com.apple.product-type.app-extension";
		};
/* End PBXNativeTarget section */

/* Begin PBXProject section */
		586F22802A33861C004C7410 /* Project object */ = {
			isa = PBXProject;
			attributes = {
				BuildIndependentTargetsInParallel = 1;
				LastSwiftUpdateCheck = 1430;
				LastUpgradeCheck = 1530;
				TargetAttributes = {
					586F22872A33861C004C7410 = {
						CreatedOnToolsVersion = 14.3;
					};
					6197BA0BEE272FF88DD1207C = {
						CreatedOnToolsVersion = 26.0;
					};
				};
			};
			buildConfigurationList = 586F22832A33861C004C7410 /* Build configuration list for PBXProject "Rebound Journal" */;
			compatibilityVersion = "Xcode 14.0";
			developmentRegion = ko;
			hasScannedForEncodings = 0;
			knownRegions = (
				Base,
				ko,
				en,
			);
			mainGroup = 586F227F2A33861C004C7410;
			packageReferences = (
				9F7E2A565A397F4410093BFF /* XCRemoteSwiftPackageReference "LeeoKit" */,
			);
			productRefGroup = 586F22892A33861C004C7410 /* Products */;
			projectDirPath = "";
			projectRoot = "";
			targets = (
				586F22872A33861C004C7410 /* Rebound Journal */,
				6197BA0BEE272FF88DD1207C /* ReboundWidget */,
			);
		};
/* End PBXProject section */

/* Begin PBXResourcesBuildPhase section */
		586F22862A33861C004C7410 /* Resources */ = {
			isa = PBXResourcesBuildPhase;
			buildActionMask = 2147483647;
			files = (
				DF4238037F15AECBA32209DE /* InfoPlist.xcstrings in Resources */,
				586F22932A33861D004C7410 /* Preview Assets.xcassets in Resources */,
				C3B1B7AD2D9462140008E38D /* Localizable.xcstrings in Resources */,
				586F22902A33861D004C7410 /* Assets.xcassets in Resources */,
			);
			runOnlyForDeploymentPostprocessing = 0;
		};
		19A9DEF6A2FCC41ACCA158DA /* Resources */ = {
			isa = PBXResourcesBuildPhase;
			buildActionMask = 2147483647;
			files = (
				0559C0745C9C5ED50352CC9B /* Localizable.xcstrings in Resources */,
				F7558BD1606AB36D5F5F8F82 /* InfoPlist.xcstrings in Resources */,
			);
			runOnlyForDeploymentPostprocessing = 0;
		};
/* End PBXResourcesBuildPhase section */

/* Begin PBXSourcesBuildPhase section */
		586F22842A33861C004C7410 /* Sources */ = {
			isa = PBXSourcesBuildPhase;
			buildActionMask = 2147483647;
			files = (
				589DCCB02D04B887003F86E5 /* AppDelegate.swift in Sources */,
				58D6707B2BD0275600F581E2 /* Constants.swift in Sources */,
				C3A07BE22DBBCEE20057D3C3 /* ChartDateSelector.swift in Sources */,
				8F8ACA842E1E946100624A89 /* Alert+Extension.swift in Sources */,
				58D6706F2BD01BDE00F581E2 /* Date+Extension.swift in Sources */,
				58FAF68D2D01F0C8008BE152 /* SettingsView.swift in Sources */,
				C3A07BE02DBBCEE20057D3C3 /* ReviewPlanView.swift in Sources */,
				586F228E2A33861C004C7410 /* DashboardContentView.swift in Sources */,
				C37782F92DB4F3F800BE2CF2 /* JournalChart.swift in Sources */,
				C3D6A50F2DAFBD9B0030FBC6 /* Protocols.swift in Sources */,
				58D6706D2BD01BBE00F581E2 /* String+Extension.swift in Sources */,
				C3A07BE92DBBF7120057D3C3 /* Database.xcdatamodeld in Sources */,
				586F22A02A338990004C7410 /* AppConfig.swift in Sources */,
				58D670732BD01EC100F581E2 /* View+Extension.swift in Sources */,
				C3A07BDD2DBBCEE20057D3C3 /* VerticalSlider.swift in Sources */,
				C3A07BBF2DBA4B640057D3C3 /* ChartDetailView.swift in Sources */,
				C3A07BDF2DBBCEE20057D3C3 /* JounrnalCreator.swift in Sources */,
				C3BAA6C72DC8FE8400D17DD8 /* SelectTargetView.swift in Sources */,
				C3A07BDA2DBBCEE20057D3C3 /* EmotionInputView.swift in Sources */,
				C3A07BC52DBA4B640057D3C3 /* JournalCreatorViewModel.swift in Sources */,
				C3A07BC62DBA4B640057D3C3 /* ChartViewModel.swift in Sources */,
				C345BA782E54523B00F93049 /* HomeView.swift in Sources */,
				C3A07BDC2DBBCEE20057D3C3 /* SelectShootTypeView.swift in Sources */,
				C3A07BC72DBA4B640057D3C3 /* ChartView.swift in Sources */,
				C3A07BDB2DBBCEE20057D3C3 /* EmotionTracker.swift in Sources */,
				C3BAA6C52DC88F4E00D17DD8 /* CreateTargetView.swift in Sources */,
				58D670752BD01ED900F581E2 /* UIImage+Extension.swift in Sources */,
				9C5A70EA2BD201D0004B6F30 /* Color+Extension.swift in Sources */,
				C3A07BDE2DBBCEE20057D3C3 /* ShootCreationHeader.swift in Sources */,
				C345BA7A2E545A8900F93049 /* JournalList.swift in Sources */,
				58D670772BD01F0400F581E2 /* Binding+Extension.swift in Sources */,
				C3A07BD92DBBCEE20057D3C3 /* ModalHeaderBar.swift in Sources */,
				58FAF68F2D01F2C4008BE152 /* PasscodeView.swift in Sources */,
				C3423FD02DD8F385000F2E4D /* SubGoalData.swift in Sources */,
				C377A9642DCFA63F000F227D /* JournalData.swift in Sources */,
				C377A9652DCFA64000F227D /* JournalAnalyzer.swift in Sources */,
				C3A07BE32DBBCEE20057D3C3 /* EmotionText.swift in Sources */,
				586F229B2A3387AF004C7410 /* DataManager.swift in Sources */,
				C37782F72DB4EE3000BE2CF2 /* JournalMetaData.swift in Sources */,
				C37782F32DB4E3C600BE2CF2 /* JournalSummary.swift in Sources */,
				58D670792BD01F2400F581E2 /* UIAlertAction+Extension.swift in Sources */,
				586F22AB2A339261004C7410 /* JournalEntryCreationStep.swift in Sources */,
				586F228C2A33861C004C7410 /* ReboundJournalApp.swift in Sources */,
				C37E18092E617A53000B4E5B /* HomeViewModel.swift in Sources */,
				C37782F52DB4E65700BE2CF2 /* Array+Extension.swift in Sources */,
				C3A07BE12DBBCEE20057D3C3 /* StepControlView.swift in Sources */,
				C345BA722E50DB4C00F93049 /* GoalList.swift in Sources */,
				C32530D42E63B886000A2E55 /* GoalInfo.swift in Sources */,
				58D670712BD01C0F00F581E2 /* Calendar+Extension.swift in Sources */,
				4FB147945C3C4B13AAE7B10F /* ActiveReboundSection.swift in Sources */,
				A8245C22CF9A4CF78573B457 /* SuccessFromReboundCelebration.swift in Sources */,
				081494984EE84CA0951CC527 /* JournalTimelineView.swift in Sources */,
				BA3F6A4F7C6E49978AEA0084 /* CollapsibleGoalSection.swift in Sources */,
				D3848842E44F49CEA26DED2F /* SampleDataGenerator.swift in Sources */,
				48461282D10E40849788C078 /* SinglePageJournalCreator.swift in Sources */,
				E308811A2AEB4D4489616333 /* GrowthSummarySection.swift in Sources */,
				2C9C4D31562B4B6CA0F195DC /* TimelineView.swift in Sources */,
				CC27AF85F75949608B6E25C6 /* GoalStatusSection.swift in Sources */,
				2A6B93451E3B406F95D289DF /* StatisticsAnalyzer.swift in Sources */,
				F3017B44681D48F397F662E5 /* NewChartView.swift in Sources */,
				CE51D846E3A44F0F87E4EFAE /* InteractiveJournalCreator.swift in Sources */,
				429D1D50CB2D9041CDDED650 /* Rebound JournalSpec.swift in Sources */,
			
				19917646F34E9B4C8965EF04 /* PebbleTheme.swift in Sources */,
				01F995C513311A6681E79643 /* PebbleMood.swift in Sources */,
				22CBAB9970D0BC7DD0391EC7 /* PebbleView.swift in Sources */,
				4A0B7EC081C07FD8AB6AD5FB /* PebbleVoice.swift in Sources */,
				C7A4812B83E1CF7E3F1F69CF /* ProgressObserver.swift in Sources */,
				09C90182AB3E3A381FE6C20D /* ConversationScript.swift in Sources */,
				7F7EA0D7EF545F8E5796648B /* ConversationEngine.swift in Sources */,
				CE8613311D8C21A1850CFB35 /* ConversationView.swift in Sources */,
				7AD4B3AD16DEE51B757ED1D7 /* Paraphraser.swift in Sources */,
				D44B07903E7A50E2C7F5B1DD /* SpeechCapture.swift in Sources */,
				8E5A6F4788FBCF515D6875D7 /* TodayView.swift in Sources */,
				1320A56A87450A83C60BD3F3 /* AddGoalView.swift in Sources */,
				7991A9EA17E66E2AC5591980 /* RootView.swift in Sources */,
				06F0FF92FAC5834101C977C9 /* ChatBubble.swift in Sources */,
				7C5D1506D2DDA03B9CD102BA /* TypingFeedback.swift in Sources */,
				8A9CDD6B03CD60B458C42B02 /* HomeGreeting.swift in Sources */,
				C11178FDF83962B562B6ECCB /* GreetingView.swift in Sources */,
				B25A8A2E7BE4B77739BC4DE6 /* WeekStones.swift in Sources */,
				34CAD3E117A9BABD6308CE97 /* StoneBridgeView.swift in Sources */,
				4471FF57FE391671BCB980CC /* LookBackView.swift in Sources */,
				02B879B28F710B2B44CCD68A /* AllRecordsView.swift in Sources */,
				F9A98A3CD084B1D28F3E8157 /* EditRecordView.swift in Sources */,
				215B69C2C647BB26F1EEEA31 /* Phrasing.swift in Sources */,
				9C156C43E6C47FA0652034A7 /* SpeechStyle.swift in Sources */,
				DAF13DE1F5C1718D03E1A3A9 /* PebbleTips.swift in Sources */,
				9121B2F39A27B4C17AF5583C /* PebbleSnapshot.swift in Sources */,);
			runOnlyForDeploymentPostprocessing = 0;
		};
		A11D78B82E961502C7054877 /* Sources */ = {
			isa = PBXSourcesBuildPhase;
			buildActionMask = 2147483647;
			files = (
				69D35D4F9C11B83306F132D1 /* TodayWidget.swift in Sources */,
				BF0FE3B79F7CCB0FFDAAE993 /* ReboundWidgetBundle.swift in Sources */,
				11941837DCAE9B55481767CA /* PebbleTheme.swift in Sources */,
				5878968440883284892A95D6 /* PebbleView.swift in Sources */,
				19C90CE25F9813D9B2A30AFF /* PebbleMood.swift in Sources */,
				0A631BB6EF320CA20927EC4B /* PebbleSnapshot.swift in Sources */,
			);
			runOnlyForDeploymentPostprocessing = 0;
		};
/* End PBXSourcesBuildPhase section */

/* Begin PBXTargetDependency section */
		F7B674EB54D2867F9D4771C8 /* PBXTargetDependency */ = {
			isa = PBXTargetDependency;
			target = 6197BA0BEE272FF88DD1207C /* ReboundWidget */;
			targetProxy = F7294EA2E61984123CAAC5DF /* PBXContainerItemProxy */;
		};
/* End PBXTargetDependency section */

/* Begin XCBuildConfiguration section */
		586F22942A33861D004C7410 /* Debug */ = {
			isa = XCBuildConfiguration;
			buildSettings = {
				ALWAYS_SEARCH_USER_PATHS = NO;
				ASSETCATALOG_COMPILER_GENERATE_SWIFT_ASSET_SYMBOL_EXTENSIONS = YES;
				CLANG_ANALYZER_NONNULL = YES;
				CLANG_ANALYZER_NUMBER_OBJECT_CONVERSION = YES_AGGRESSIVE;
				CLANG_CXX_LANGUAGE_STANDARD = "gnu++20";
				CLANG_ENABLE_MODULES = YES;
				CLANG_ENABLE_OBJC_ARC = YES;
				CLANG_ENABLE_OBJC_WEAK = YES;
				CLANG_WARN_BLOCK_CAPTURE_AUTORELEASING = YES;
				CLANG_WARN_BOOL_CONVERSION = YES;
				CLANG_WARN_COMMA = YES;
				CLANG_WARN_CONSTANT_CONVERSION = YES;
				CLANG_WARN_DEPRECATED_OBJC_IMPLEMENTATIONS = YES;
				CLANG_WARN_DIRECT_OBJC_ISA_USAGE = YES_ERROR;
				CLANG_WARN_DOCUMENTATION_COMMENTS = YES;
				CLANG_WARN_EMPTY_BODY = YES;
				CLANG_WARN_ENUM_CONVERSION = YES;
				CLANG_WARN_INFINITE_RECURSION = YES;
				CLANG_WARN_INT_CONVERSION = YES;
				CLANG_WARN_NON_LITERAL_NULL_CONVERSION = YES;
				CLANG_WARN_OBJC_IMPLICIT_RETAIN_SELF = YES;
				CLANG_WARN_OBJC_LITERAL_CONVERSION = YES;
				CLANG_WARN_OBJC_ROOT_CLASS = YES_ERROR;
				CLANG_WARN_QUOTED_INCLUDE_IN_FRAMEWORK_HEADER = YES;
				CLANG_WARN_RANGE_LOOP_ANALYSIS = YES;
				CLANG_WARN_STRICT_PROTOTYPES = YES;
				CLANG_WARN_SUSPICIOUS_MOVE = YES;
				CLANG_WARN_UNGUARDED_AVAILABILITY = YES_AGGRESSIVE;
				CLANG_WARN_UNREACHABLE_CODE = YES;
				CLANG_WARN__DUPLICATE_METHOD_MATCH = YES;
				COPY_PHASE_STRIP = NO;
				DEBUG_INFORMATION_FORMAT = dwarf;
				ENABLE_STRICT_OBJC_MSGSEND = YES;
				ENABLE_TESTABILITY = YES;
				ENABLE_USER_SCRIPT_SANDBOXING = YES;
				GCC_C_LANGUAGE_STANDARD = gnu11;
				GCC_DYNAMIC_NO_PIC = NO;
				GCC_NO_COMMON_BLOCKS = YES;
				GCC_OPTIMIZATION_LEVEL = 0;
				GCC_PREPROCESSOR_DEFINITIONS = (
					"DEBUG=1",
					"$(inherited)",
				);
				GCC_WARN_64_TO_32_BIT_CONVERSION = YES;
				GCC_WARN_ABOUT_RETURN_TYPE = YES_ERROR;
				GCC_WARN_UNDECLARED_SELECTOR = YES;
				GCC_WARN_UNINITIALIZED_AUTOS = YES_AGGRESSIVE;
				GCC_WARN_UNUSED_FUNCTION = YES;
				GCC_WARN_UNUSED_VARIABLE = YES;
				IPHONEOS_DEPLOYMENT_TARGET = 26.0;
				MTL_ENABLE_DEBUG_INFO = INCLUDE_SOURCE;
				MTL_FAST_MATH = YES;
				ONLY_ACTIVE_ARCH = YES;
				SDKROOT = iphoneos;
				SWIFT_ACTIVE_COMPILATION_CONDITIONS = DEBUG;
				SWIFT_EMIT_LOC_STRINGS = YES;
				SWIFT_OPTIMIZATION_LEVEL = "-Onone";
			};
			name = Debug;
		};
		586F22952A33861D004C7410 /* Release */ = {
			isa = XCBuildConfiguration;
			buildSettings = {
				ALWAYS_SEARCH_USER_PATHS = NO;
				ASSETCATALOG_COMPILER_GENERATE_SWIFT_ASSET_SYMBOL_EXTENSIONS = YES;
				CLANG_ANALYZER_NONNULL = YES;
				CLANG_ANALYZER_NUMBER_OBJECT_CONVERSION = YES_AGGRESSIVE;
				CLANG_CXX_LANGUAGE_STANDARD = "gnu++20";
				CLANG_ENABLE_MODULES = YES;
				CLANG_ENABLE_OBJC_ARC = YES;
				CLANG_ENABLE_OBJC_WEAK = YES;
				CLANG_WARN_BLOCK_CAPTURE_AUTORELEASING = YES;
				CLANG_WARN_BOOL_CONVERSION = YES;
				CLANG_WARN_COMMA = YES;
				CLANG_WARN_CONSTANT_CONVERSION = YES;
				CLANG_WARN_DEPRECATED_OBJC_IMPLEMENTATIONS = YES;
				CLANG_WARN_DIRECT_OBJC_ISA_USAGE = YES_ERROR;
				CLANG_WARN_DOCUMENTATION_COMMENTS = YES;
				CLANG_WARN_EMPTY_BODY = YES;
				CLANG_WARN_ENUM_CONVERSION = YES;
				CLANG_WARN_INFINITE_RECURSION = YES;
				CLANG_WARN_INT_CONVERSION = YES;
				CLANG_WARN_NON_LITERAL_NULL_CONVERSION = YES;
				CLANG_WARN_OBJC_IMPLICIT_RETAIN_SELF = YES;
				CLANG_WARN_OBJC_LITERAL_CONVERSION = YES;
				CLANG_WARN_OBJC_ROOT_CLASS = YES_ERROR;
				CLANG_WARN_QUOTED_INCLUDE_IN_FRAMEWORK_HEADER = YES;
				CLANG_WARN_RANGE_LOOP_ANALYSIS = YES;
				CLANG_WARN_STRICT_PROTOTYPES = YES;
				CLANG_WARN_SUSPICIOUS_MOVE = YES;
				CLANG_WARN_UNGUARDED_AVAILABILITY = YES_AGGRESSIVE;
				CLANG_WARN_UNREACHABLE_CODE = YES;
				CLANG_WARN__DUPLICATE_METHOD_MATCH = YES;
				COPY_PHASE_STRIP = NO;
				DEBUG_INFORMATION_FORMAT = "dwarf-with-dsym";
				ENABLE_NS_ASSERTIONS = NO;
				ENABLE_STRICT_OBJC_MSGSEND = YES;
				ENABLE_USER_SCRIPT_SANDBOXING = YES;
				GCC_C_LANGUAGE_STANDARD = gnu11;
				GCC_NO_COMMON_BLOCKS = YES;
				GCC_WARN_64_TO_32_BIT_CONVERSION = YES;
				GCC_WARN_ABOUT_RETURN_TYPE = YES_ERROR;
				GCC_WARN_UNDECLARED_SELECTOR = YES;
				GCC_WARN_UNINITIALIZED_AUTOS = YES_AGGRESSIVE;
				GCC_WARN_UNUSED_FUNCTION = YES;
				GCC_WARN_UNUSED_VARIABLE = YES;
				IPHONEOS_DEPLOYMENT_TARGET = 26.0;
				MTL_ENABLE_DEBUG_INFO = NO;
				MTL_FAST_MATH = YES;
				SDKROOT = iphoneos;
				SWIFT_COMPILATION_MODE = wholemodule;
				SWIFT_EMIT_LOC_STRINGS = YES;
				SWIFT_OPTIMIZATION_LEVEL = "-O";
				VALIDATE_PRODUCT = YES;
			};
			name = Release;
		};
		586F22972A33861D004C7410 /* Debug */ = {
			isa = XCBuildConfiguration;
			buildSettings = {
				ASSETCATALOG_COMPILER_APPICON_NAME = AppIcon;
				ASSETCATALOG_COMPILER_GLOBAL_ACCENT_COLOR_NAME = AccentColor;
				CODE_SIGN_ENTITLEMENTS = "Rebound Journal/Rebound Journal.entitlements";
				CODE_SIGN_IDENTITY = "Apple Development";
				CODE_SIGN_STYLE = Automatic;
				CURRENT_PROJECT_VERSION = 1;
				DEVELOPMENT_ASSET_PATHS = "\"Rebound Journal/Preview Content\"";
				DEVELOPMENT_TEAM = QGAQ3AY3R3;
				ENABLE_PREVIEWS = YES;
				GENERATE_INFOPLIST_FILE = YES;
				INFOPLIST_FILE = "Rebound-Journal-Info.plist";
				INFOPLIST_KEY_CFBundleDisplayName = "징검돌";
				INFOPLIST_KEY_LSApplicationCategoryType = "public.app-category.lifestyle";
				INFOPLIST_KEY_NSUserTrackingUsageDescription = "이 식별자는 귀하에게 개인화된 알람을 제공하는 데 사용됩니다.";
				INFOPLIST_KEY_UIApplicationSceneManifest_Generation = YES;
				INFOPLIST_KEY_UIApplicationSupportsIndirectInputEvents = YES;
				INFOPLIST_KEY_UILaunchScreen_Generation = YES;
				INFOPLIST_KEY_UISupportedInterfaceOrientations_iPad = "UIInterfaceOrientationPortrait UIInterfaceOrientationPortraitUpsideDown UIInterfaceOrientationLandscapeLeft UIInterfaceOrientationLandscapeRight";
				INFOPLIST_KEY_UISupportedInterfaceOrientations_iPhone = "UIInterfaceOrientationPortrait UIInterfaceOrientationLandscapeLeft UIInterfaceOrientationLandscapeRight";
				IPHONEOS_DEPLOYMENT_TARGET = 26.0;
				LD_RUNPATH_SEARCH_PATHS = (
					"$(inherited)",
					"@executable_path/Frameworks",
				);
				MARKETING_VERSION = 2.0.0;
				PRODUCT_BUNDLE_IDENTIFIER = com.leeo.ReboundJournal;
				PRODUCT_NAME = "$(TARGET_NAME)";
				PROVISIONING_PROFILE_SPECIFIER = "";
				SUPPORTED_PLATFORMS = "iphoneos iphonesimulator";
				SUPPORTS_MACCATALYST = NO;
				SUPPORTS_MAC_DESIGNED_FOR_IPHONE_IPAD = YES;
				SWIFT_EMIT_LOC_STRINGS = YES;
				SWIFT_VERSION = 5.0;
				TARGETED_DEVICE_FAMILY = 1;
			};
			name = Debug;
		};
		586F22982A33861D004C7410 /* Release */ = {
			isa = XCBuildConfiguration;
			buildSettings = {
				ASSETCATALOG_COMPILER_APPICON_NAME = AppIcon;
				ASSETCATALOG_COMPILER_GLOBAL_ACCENT_COLOR_NAME = AccentColor;
				CODE_SIGN_ENTITLEMENTS = "Rebound Journal/Rebound Journal.entitlements";
				CODE_SIGN_IDENTITY = "Apple Development";
				CODE_SIGN_STYLE = Automatic;
				CURRENT_PROJECT_VERSION = 1;
				DEVELOPMENT_ASSET_PATHS = "\"Rebound Journal/Preview Content\"";
				DEVELOPMENT_TEAM = QGAQ3AY3R3;
				ENABLE_PREVIEWS = YES;
				GENERATE_INFOPLIST_FILE = YES;
				INFOPLIST_FILE = "Rebound-Journal-Info.plist";
				INFOPLIST_KEY_CFBundleDisplayName = "징검돌";
				INFOPLIST_KEY_LSApplicationCategoryType = "public.app-category.lifestyle";
				INFOPLIST_KEY_NSUserTrackingUsageDescription = "이 식별자는 귀하에게 개인화된 알람을 제공하는 데 사용됩니다.";
				INFOPLIST_KEY_UIApplicationSceneManifest_Generation = YES;
				INFOPLIST_KEY_UIApplicationSupportsIndirectInputEvents = YES;
				INFOPLIST_KEY_UILaunchScreen_Generation = YES;
				INFOPLIST_KEY_UISupportedInterfaceOrientations_iPad = "UIInterfaceOrientationPortrait UIInterfaceOrientationPortraitUpsideDown UIInterfaceOrientationLandscapeLeft UIInterfaceOrientationLandscapeRight";
				INFOPLIST_KEY_UISupportedInterfaceOrientations_iPhone = "UIInterfaceOrientationPortrait UIInterfaceOrientationLandscapeLeft UIInterfaceOrientationLandscapeRight";
				IPHONEOS_DEPLOYMENT_TARGET = 26.0;
				LD_RUNPATH_SEARCH_PATHS = (
					"$(inherited)",
					"@executable_path/Frameworks",
				);
				MARKETING_VERSION = 2.0.0;
				PRODUCT_BUNDLE_IDENTIFIER = com.leeo.ReboundJournal;
				PRODUCT_NAME = "$(TARGET_NAME)";
				PROVISIONING_PROFILE_SPECIFIER = "";
				SUPPORTED_PLATFORMS = "iphoneos iphonesimulator";
				SUPPORTS_MACCATALYST = NO;
				SUPPORTS_MAC_DESIGNED_FOR_IPHONE_IPAD = YES;
				SWIFT_EMIT_LOC_STRINGS = YES;
				SWIFT_VERSION = 5.0;
				TARGETED_DEVICE_FAMILY = 1;
			};
			name = Release;
		};
		51B53D6B0709BDDBAA01ECC1 /* Debug */ = {
			isa = XCBuildConfiguration;
			buildSettings = {
				ASSETCATALOG_COMPILER_GLOBAL_ACCENT_COLOR_NAME = AccentColor;
				CODE_SIGN_ENTITLEMENTS = "ReboundWidget/ReboundWidget.entitlements";
				CODE_SIGN_STYLE = Automatic;
				CURRENT_PROJECT_VERSION = 1;
				DEVELOPMENT_TEAM = QGAQ3AY3R3;
				GENERATE_INFOPLIST_FILE = YES;
				INFOPLIST_FILE = "ReboundWidget/Info.plist";
				INFOPLIST_KEY_CFBundleDisplayName = "징검돌";
				INFOPLIST_KEY_NSHumanReadableCopyright = "";
				IPHONEOS_DEPLOYMENT_TARGET = 26.0;
				LD_RUNPATH_SEARCH_PATHS = (
					"$(inherited)",
					"@executable_path/Frameworks",
					"@executable_path/../../Frameworks",
				);
				MARKETING_VERSION = 2.0.0;
				PRODUCT_BUNDLE_IDENTIFIER = com.leeo.ReboundJournal.ReboundWidget;
				PRODUCT_NAME = "$(TARGET_NAME)";
				SKIP_INSTALL = YES;
				SWIFT_EMIT_LOC_STRINGS = YES;
				SWIFT_VERSION = 5.0;
				TARGETED_DEVICE_FAMILY = "1,2";
				SWIFT_ACTIVE_COMPILATION_CONDITIONS = "DEBUG $(inherited)";
				SWIFT_OPTIMIZATION_LEVEL = "-Onone";
			};
			name = Debug;
		};
		1F7C2E9C0FEBC52D681645F5 /* Release */ = {
			isa = XCBuildConfiguration;
			buildSettings = {
				ASSETCATALOG_COMPILER_GLOBAL_ACCENT_COLOR_NAME = AccentColor;
				CODE_SIGN_ENTITLEMENTS = "ReboundWidget/ReboundWidget.entitlements";
				CODE_SIGN_STYLE = Automatic;
				CURRENT_PROJECT_VERSION = 1;
				DEVELOPMENT_TEAM = QGAQ3AY3R3;
				GENERATE_INFOPLIST_FILE = YES;
				INFOPLIST_FILE = "ReboundWidget/Info.plist";
				INFOPLIST_KEY_CFBundleDisplayName = "징검돌";
				INFOPLIST_KEY_NSHumanReadableCopyright = "";
				IPHONEOS_DEPLOYMENT_TARGET = 26.0;
				LD_RUNPATH_SEARCH_PATHS = (
					"$(inherited)",
					"@executable_path/Frameworks",
					"@executable_path/../../Frameworks",
				);
				MARKETING_VERSION = 2.0.0;
				PRODUCT_BUNDLE_IDENTIFIER = com.leeo.ReboundJournal.ReboundWidget;
				PRODUCT_NAME = "$(TARGET_NAME)";
				SKIP_INSTALL = YES;
				SWIFT_EMIT_LOC_STRINGS = YES;
				SWIFT_VERSION = 5.0;
				TARGETED_DEVICE_FAMILY = "1,2";
				SWIFT_COMPILATION_MODE = wholemodule;
			};
			name = Release;
		};
/* End XCBuildConfiguration section */

/* Begin XCConfigurationList section */
		586F22832A33861C004C7410 /* Build configuration list for PBXProject "Rebound Journal" */ = {
			isa = XCConfigurationList;
			buildConfigurations = (
				586F22942A33861D004C7410 /* Debug */,
				586F22952A33861D004C7410 /* Release */,
			);
			defaultConfigurationIsVisible = 0;
			defaultConfigurationName = Release;
		};
		586F22962A33861D004C7410 /* Build configuration list for PBXNativeTarget "Rebound Journal" */ = {
			isa = XCConfigurationList;
			buildConfigurations = (
				586F22972A33861D004C7410 /* Debug */,
				586F22982A33861D004C7410 /* Release */,
			);
			defaultConfigurationIsVisible = 0;
			defaultConfigurationName = Release;
		};
		89AAB1B02031CFA38800C53D /* Build configuration list for PBXNativeTarget "ReboundWidget" */ = {
			isa = XCConfigurationList;
			buildConfigurations = (
				51B53D6B0709BDDBAA01ECC1 /* Debug */,
				1F7C2E9C0FEBC52D681645F5 /* Release */,
			);
			defaultConfigurationIsVisible = 0;
			defaultConfigurationName = Release;
		};
/* End XCConfigurationList section */


/* Begin XCRemoteSwiftPackageReference section */
		9F7E2A565A397F4410093BFF /* XCRemoteSwiftPackageReference "LeeoKit" */ = {
			isa = XCRemoteSwiftPackageReference;
			repositoryURL = "https://github.com/M1zz/LeeoKit.git";
			requirement = {
				kind = upToNextMajorVersion;
				minimumVersion = 2.7.0;
			};
		};
/* End XCRemoteSwiftPackageReference section */

/* Begin XCSwiftPackageProductDependency section */
		8F652E997127C9970155311C /* LeeoKit */ = {
			isa = XCSwiftPackageProductDependency;
			package = 9F7E2A565A397F4410093BFF /* XCRemoteSwiftPackageReference "LeeoKit" */;
			productName = LeeoKit;
		};
/* End XCSwiftPackageProductDependency section */

/* Begin XCVersionGroup section */
		C3A07BE72DBBF7120057D3C3 /* Database.xcdatamodeld */ = {
			isa = XCVersionGroup;
			children = (
				C3A07BE82DBBF7120057D3C3 /* Database.xcdatamodel */,
			);
			currentVersion = C3A07BE82DBBF7120057D3C3 /* Database.xcdatamodel */;
			path = Database.xcdatamodeld;
			sourceTree = "<group>";
			versionGroupType = wrapper.xcdatamodel;
		};
/* End XCVersionGroup section */
	};
	rootObject = 586F22802A33861C004C7410 /* Project object */;
}
